
Microsoft Visual Studio Solution File, Format Version 12.00
# Visual Studio Version 16
VisualStudioVersion = 16.0.29009.5
MinimumVisualStudioVersion = 10.0.40219.1
Project("{6EC3EE1D-3C4E-46DD-8F32-0CC8E7565705}") = "Runner", "Runner.fsproj", "{3F2A4FAE-D105-4103-B984-135D97B3E3F8}"
EndProject
Project("{F2A71F9B-5D33-465A-A702-920D77279786}") = "Runner.Tests", "Runner.Tests\Runner.Tests.fsproj", "{0C854A93-3118-46EB-9601-0948E7267D43}"
EndProject
Global
	GlobalSection(SolutionConfigurationPlatforms) = preSolution
		Debug|Any CPU = Debug|Any CPU
		Release|Any CPU = Release|Any CPU
	EndGlobalSection
	GlobalSection(ProjectConfigurationPlatforms) = postSolution
		{3F2A4FAE-D105-4103-B984-135D97B3E3F8}.Debug|Any CPU.ActiveCfg = Debug|Any CPU
		{3F2A4FAE-D105-4103-B984-135D97B3E3F8}.Debug|Any CPU.Build.0 = Debug|Any CPU
		{3F2A4FAE-D105-4103-B984-135D97B3E3F8}.Release|Any CPU.ActiveCfg = Release|Any CPU
		{3F2A4FAE-D105-4103-B984-135D97B3E3F8}.Release|Any CPU.Build.0 = Release|Any CPU
		{0C854A93-3118-46EB-9601-0948E7267D43}.Debug|Any CPU.ActiveCfg = Debug|Any CPU
		{0C854A93-3118-46EB-9601-0948E7267D43}.Debug|Any CPU.Build.0 = Debug|Any CPU
		{0C854A93-3118-46EB-9601-0948E7267D43}.Release|Any CPU.ActiveCfg = Release|Any CPU
		{0C854A93-3118-46EB-9601-0948E7267D43}.Release|Any CPU.Build.0 = Release|Any CPU
	EndGlobalSection
	GlobalSection(SolutionProperties) = preSolution
		HideSolutionNode = FALSE
	EndGlobalSection
	GlobalSection(ExtensibilityGlobals) = postSolution
		SolutionGuid = {A23589F0-2D5B-43A1-9A99-64988008E6FC}
	EndGlobalSection
EndGlobal
